$ANSIBLE_VAULT;1.1;AES256
39373335353064653838386561626465363030366165613266333932376462353130376366393830
3735643430376633306366613466356534373030636463630a653961346435353839343362336537
32303733663938613334616462653064343562383130336530306566373366623064363366663733
3833663832353633620a653866306631626562626262633237346438343965323239663335356665
35323336636532313032636665323030393836376232346666646566313039363635646534663666
3531316561353039376336336435633930663462623361633763
